// !$*UTF8*$!
{
	archiveVersion = 1;
	classes = {
	};
	objectVersion = 46;
	objects = {

/* Begin PBXBuildFile section */
		2D6D1B3B200E8E180020F57F /* main.m in Sources */ = {isa = PBXBuildFile; fileRef = 2D6D1B3A200E8E180020F57F /* main.m */; };
		2D6D1B3E200E8E180020F57F /* AppDelegate.m in Sources */ = {isa = PBXBuildFile; fileRef = 2D6D1B3D200E8E180020F57F /* AppDelegate.m */; };
		2D6D1B41200E8E180020F57F /* ViewController.m in Sources */ = {isa = PBXBuildFile; fileRef = 2D6D1B40200E8E180020F57F /* ViewController.m */; };
		2D6D1B44200E8E180020F57F /* Main.storyboard in Resources */ = {isa = PBXBuildFile; fileRef = 2D6D1B42200E8E180020F57F /* Main.storyboard */; };
		2D6D1B46200E8E180020F57F /* Assets.xcassets in Resources */ = {isa = PBXBuildFile; fileRef = 2D6D1B45200E8E180020F57F /* Assets.xcassets */; };
		2D6D1B49200E8E180020F57F /* LaunchScreen.storyboard in Resources */ = {isa = PBXBuildFile; fileRef = 2D6D1B47200E8E180020F57F /* LaunchScreen.storyboard */; };
		2D6D1B54200E8E180020F57F /* ToDoTests.m in Sources */ = {isa = PBXBuildFile; fileRef = 2D6D1B53200E8E180020F57F /* ToDoTests.m */; };
/* End PBXBuildFile section */

/* Begin PBXContainerItemProxy section */
		2D6D1B50200E8E180020F57F /* PBXContainerItemProxy */ = {
			isa = PBXContainerItemProxy;
			containerPortal = 2D6D1B2E200E8E180020F57F /* Project object */;
			proxyType = 1;
			remoteGlobalIDString = 2D6D1B35200E8E180020F57F;
			remoteInfo = ToDo;
		};
/* End PBXContainerItemProxy section */

/* Begin PBXFileReference section */
		2D6D1B36200E8E180020F57F /* ToDo.app */ = {isa = PBXFileReference; explicitFileType = wrapper.application; includeInIndex = 0; path = ToDo.app; sourceTree = BUILT_PRODUCTS_DIR; };
		2D6D1B3A200E8E180020F57F /* main.m */ = {isa = PBXFileReference; lastKnownFileType = sourcecode.c.objc; path = main.m; sourceTree = "<group>"; };
		2D6D1B3C200E8E180020F57F /* AppDelegate.h */ = {isa = PBXFileReference; lastKnownFileType = sourcecode.c.h; path = AppDelegate.h; sourceTree = "<group>"; };
		2D6D1B3D200E8E180020F57F /* AppDelegate.m */ = {isa = PBXFileReference; lastKnownFileType = sourcecode.c.objc; path = AppDelegate.m; sourceTree = "<group>"; };
		2D6D1B3F200E8E180020F57F /* ViewController.h */ = {isa = PBXFileReference; lastKnownFileType = sourcecode.c.h; path = ViewController.h; sourceTree = "<group>"; };
		2D6D1B40200E8E180020F57F /* ViewController.m */ = {isa = PBXFileReference; lastKnownFileType = sourcecode.c.objc; path = ViewController.m; sourceTree = "<group>"; };
		2D6D1B43200E8E180020F57F /* Base */ = {isa = PBXFileReference; lastKnownFileType = file.storyboard; name = Base; path = Base.lproj/Main.storyboard; sourceTree = "<group>"; };
		2D6D1B45200E8E180020F57F /* Assets.xcassets */ = {isa = PBXFileReference; lastKnownFileType = folder.assetcatalog; path = Assets.xcassets; sourceTree = "<group>"; };
		2D6D1B48200E8E180020F57F /* Base */ = {isa = PBXFileReference; lastKnownFileType = file.storyboard; name = Base; path = Base.lproj/LaunchScreen.storyboard; sourceTree = "<group>"; };
		2D6D1B4A200E8E180020F57F /* Info.plist */ = {isa = PBXFileReference; lastKnownFileType = text.plist.xml; path = Info.plist; sourceTree = "<group>"; };
		2D6D1B4F200E8E180020F57F /* ToDoTests.xctest */ = {isa = PBXFileReference; explicitFileType = wrapper.cfbundle; includeInIndex = 0; path = ToDoTests.xctest; sourceTree = BUILT_PRODUCTS_DIR; };
		2D6D1B53200E8E180020F57F /* ToDoTests.m */ = {isa = PBXFileReference; lastKnownFileType = sourcecode.c.objc; path = ToDoTests.m; sourceTree = "<group>"; };
		2D6D1B55200E8E180020F57F /* Info.plist */ = {isa = PBXFileReference; lastKnownFileType = text.plist.xml; path = Info.plist; sourceTree = "<group>"; };
/* End PBXFileReference section */

/* Begin PBXFrameworksBuildPhase section */
		2D6D1B33200E8E180020F57F /* Frameworks */ = {
			isa = PBXFrameworksBuildPhase;
			buildActionMask = 2147483647;
			files = (
			);
			runOnlyForDeploymentPostprocessing = 0;
		};
		2D6D1B4C200E8E180020F57F /* Frameworks */ = {
			isa = PBXFrameworksBuildPhase;
			buildActionMask = 2147483647;
			files = (
			);
			runOnlyForDeploymentPostprocessing = 0;
		};
/* End PBXFrameworksBuildPhase section */

/* Begin PBXGroup section */
		2D6D1B2D200E8E180020F57F = {
			isa = PBXGroup;
			children = (
				2D6D1B38200E8E180020F57F /* ToDo */,
				2D6D1B52200E8E180020F57F /* ToDoTests */,
				2D6D1B37200E8E180020F57F /* Products */,
			);
			sourceTree = "<group>";
		};
		2D6D1B37200E8E180020F57F /* Products */ = {
			isa = PBXGroup;
			children = (
				2D6D1B36200E8E180020F57F /* ToDo.app */,
				2D6D1B4F200E8E180020F57F /* ToDoTests.xctest */,
			);
			name = Products;
			sourceTree = "<group>";
		};
		2D6D1B38200E8E180020F57F /* ToDo */ = {
			isa = PBXGroup;
			children = (
				2D6D1B3C200E8E180020F57F /* AppDelegate.h */,
				2D6D1B3D200E8E180020F57F /* AppDelegate.m */,
				2D6D1B3F200E8E180020F57F /* ViewController.h */,
				2D6D1B40200E8E180020F57F /* ViewController.m */,
				2D6D1B42200E8E180020F57F /* Main.storyboard */,
				2D6D1B45200E8E180020F57F /* Assets.xcassets */,
				2D6D1B47200E8E180020F57F /* LaunchScreen.storyboard */,
				2D6D1B4A200E8E180020F57F /* Info.plist */,
				2D6D1B39200E8E180020F57F /* Supporting Files */,
			);
			path = ToDo;
			sourceTree = "<group>";
		};
		2D6D1B39200E8E180020F57F /* Supporting Files */ = {
			isa = PBXGroup;
			children = (
				2D6D1B3A200E8E180020F57F /* main.m */,
			);
			name = "Supporting Files";
			sourceTree = "<group>";
		};
		2D6D1B52200E8E180020F57F /* ToDoTests */ = {
			isa = PBXGroup;
			children = (
				2D6D1B53200E8E180020F57F /* ToDoTests.m */,
				2D6D1B55200E8E180020F57F /* Info.plist */,
			);
			path = ToDoTests;
			sourceTree = "<group>";
		};
/* End PBXGroup section */

/* Begin PBXNativeTarget section */
		2D6D1B35200E8E180020F57F /* ToDo */ = {
			isa = PBXNativeTarget;
			buildConfigurationList = 2D6D1B58200E8E180020F57F /* Build configuration list for PBXNativeTarget "ToDo" */;
			buildPhases = (
				2D6D1B32200E8E180020F57F /* Sources */,
				2D6D1B33200E8E180020F57F /* Frameworks */,
				2D6D1B34200E8E180020F57F /* Resources */,
			);
			buildRules = (
			);
			dependencies = (
			);
			name = ToDo;
			productName = ToDo;
			productReference = 2D6D1B36200E8E180020F57F /* ToDo.app */;
			productType = "com.apple.product-type.application";
		};
		2D6D1B4E200E8E180020F57F /* ToDoTests */ = {
			isa = PBXNativeTarget;
			buildConfigurationList = 2D6D1B5B200E8E180020F57F /* Build configuration list for PBXNativeTarget "ToDoTests" */;
			buildPhases = (
				2D6D1B4B200E8E180020F57F /* Sources */,
				2D6D1B4C200E8E180020F57F /* Frameworks */,
				2D6D1B4D200E8E180020F57F /* Resources */,
			);
			buildRules = (
			);
			dependencies = (
				2D6D1B51200E8E180020F57F /* PBXTargetDependency */,
			);
			name = ToDoTests;
			productName = ToDoTests;
			productReference = 2D6D1B4F200E8E180020F57F /* ToDoTests.xctest */;
			productType = "com.apple.product-type.bundle.unit-test";
		};
/* End PBXNativeTarget section */

/* Begin PBXProject section */
		2D6D1B2E200E8E180020F57F /* Project object */ = {
			isa = PBXProject;
			attributes = {
				LastUpgradeCheck = 0800;
				TargetAttributes = {
					2D6D1B35200E8E180020F57F = {
						CreatedOnToolsVersion = 8.0;
						DevelopmentTeam = N7H57V4Z6D;
						ProvisioningStyle = Automatic;
					};
					2D6D1B4E200E8E180020F57F = {
						CreatedOnToolsVersion = 8.0;
						DevelopmentTeam = N7H57V4Z6D;
						ProvisioningStyle = Automatic;
						TestTargetID = 2D6D1B35200E8E180020F57F;
					};
				};
			};
			buildConfigurationList = 2D6D1B31200E8E180020F57F /* Build configuration list for PBXProject "ToDo" */;
			compatibilityVersion = "Xcode 3.2";
			developmentRegion = English;
			hasScannedForEncodings = 0;
			knownRegions = (
				en,
				Base,
			);
			mainGroup = 2D6D1B2D200E8E180020F57F;
			productRefGroup = 2D6D1B37200E8E180020F57F /* Products */;
			projectDirPath = "";
			projectRoot = "";
			targets = (
				2D6D1B35200E8E180020F57F /* ToDo */,
				2D6D1B4E200E8E180020F57F /* ToDoTests */,
			);
		};
/* End PBXProject section */

/* Begin PBXResourcesBuildPhase section */
		2D6D1B34200E8E180020F57F /* Resources */ = {
			isa = PBXResourcesBuildPhase;
			buildActionMask = 2147483647;
			files = (
				2D6D1B49200E8E180020F57F /* LaunchScreen.storyboard in Resources */,
				2D6D1B46200E8E180020F57F /* Assets.xcassets in Resources */,
				2D6D1B44200E8E180020F57F /* Main.storyboard in Resources */,
			);
			runOnlyForDeploymentPostprocessing = 0;
		};
		2D6D1B4D200E8E180020F57F /* Resources */ = {
			isa = PBXResourcesBuildPhase;
			buildActionMask = 2147483647;
			files = (
			);
			runOnlyForDeploymentPostprocessing = 0;
		};
/* End PBXResourcesBuildPhase section */

/* Begin PBXSourcesBuildPhase section */
		2D6D1B32200E8E180020F57F /* Sources */ = {
			isa = PBXSourcesBuildPhase;
			buildActionMask = 2147483647;
			files = (
				2D6D1B41200E8E180020F57F /* ViewController.m in Sources */,
				2D6D1B3E200E8E180020F57F /* AppDelegate.m in Sources */,
				2D6D1B3B200E8E180020F57F /* main.m in Sources */,
			);
			runOnlyForDeploymentPostprocessing = 0;
		};
		2D6D1B4B200E8E180020F57F /* Sources */ = {
			isa = PBXSourcesBuildPhase;
			buildActionMask = 2147483647;
			files = (
				2D6D1B54200E8E180020F57F /* ToDoTests.m in Sources */,
			);
			runOnlyForDeploymentPostprocessing = 0;
		};
/* End PBXSourcesBuildPhase section */

/* Begin PBXTargetDependency section */
		2D6D1B51200E8E180020F57F /* PBXTargetDependency */ = {
			isa = PBXTargetDependency;
			target = 2D6D1B35200E8E180020F57F /* ToDo */;
			targetProxy = 2D6D1B50200E8E180020F57F /* PBXContainerItemProxy */;
		};
/* End PBXTargetDependency section */

/* Begin PBXVariantGroup section */
		2D6D1B42200E8E180020F57F /* Main.storyboard */ = {
			isa = PBXVariantGroup;
			children = (
				2D6D1B43200E8E180020F57F /* Base */,
			);
			name = Main.storyboard;
			sourceTree = "<group>";
		};
		2D6D1B47200E8E180020F57F /* LaunchScreen.storyboard */ = {
			isa = PBXVariantGroup;
			children = (
				2D6D1B48200E8E180020F57F /* Base */,
			);
			name = LaunchScreen.storyboard;
			sourceTree = "<group>";
		};
/* End PBXVariantGroup section */

/* Begin XCBuildConfiguration section */
		2D6D1B56200E8E180020F57F /* Debug */ = {
			isa = XCBuildConfiguration;
			buildSettings = {
				ALWAYS_SEARCH_USER_PATHS = NO;
				CLANG_ANALYZER_NONNULL = YES;
				CLANG_CXX_LANGUAGE_STANDARD = "gnu++0x";
				CLANG_CXX_LIBRARY = "libc++";
				CLANG_ENABLE_MODULES = YES;
				CLANG_ENABLE_OBJC_ARC = YES;
				CLANG_WARN_BOOL_CONVERSION = YES;
				CLANG_WARN_CONSTANT_CONVERSION = YES;
				CLANG_WARN_DIRECT_OBJC_ISA_USAGE = YES_ERROR;
				CLANG_WARN_DOCUMENTATION_COMMENTS = YES;
				CLANG_WARN_EMPTY_BODY = YES;
				CLANG_WARN_ENUM_CONVERSION = YES;
				CLANG_WARN_INFINITE_RECURSION = YES;
				CLANG_WARN_INT_CONVERSION = YES;
				CLANG_WARN_OBJC_ROOT_CLASS = YES_ERROR;
				CLANG_WARN_SUSPICIOUS_MOVES = YES;
				CLANG_WARN_UNREACHABLE_CODE = YES;
				CLANG_WARN__DUPLICATE_METHOD_MATCH = YES;
				"CODE_SIGN_IDENTITY[sdk=iphoneos*]" = "iPhone Developer";
				COPY_PHASE_STRIP = NO;
				DEBUG_INFORMATION_FORMAT = dwarf;
				ENABLE_STRICT_OBJC_MSGSEND = YES;
				ENABLE_TESTABILITY = YES;
				GCC_C_LANGUAGE_STANDARD = gnu99;
				GCC_DYNAMIC_NO_PIC = NO;
				GCC_NO_COMMON_BLOCKS = YES;
				GCC_OPTIMIZATION_LEVEL = 0;
				GCC_PREPROCESSOR_DEFINITIONS = (
					"DEBUG=1",
					"$(inherited)",
				);
				GCC_WARN_64_TO_32_BIT_CONVERSION = YES;
				GCC_WARN_ABOUT_RETURN_TYPE = YES_ERROR;
				GCC_WARN_UNDECLARED_SELECTOR = YES;
				GCC_WARN_UNINITIALIZED_AUTOS = YES_AGGRESSIVE;
				GCC_WARN_UNUSED_FUNCTION = YES;
				GCC_WARN_UNUSED_VARIABLE = YES;
				IPHONEOS_DEPLOYMENT_TARGET = 10.0;
				MTL_ENABLE_DEBUG_INFO = YES;
				ONLY_ACTIVE_ARCH = YES;
				SDKROOT = iphoneos;
				TARGETED_DEVICE_FAMILY = "1,2";
			};
			name = Debug;
		};
		2D6D1B57200E8E180020F57F /* Release */ = {
			isa = XCBuildConfiguration;
			buildSettings = {
				ALWAYS_SEARCH_USER_PATHS = NO;
				CLANG_ANALYZER_NONNULL = YES;
				CLANG_CXX_LANGUAGE_STANDARD = "gnu++0x";
				CLANG_CXX_LIBRARY = "libc++";
				CLANG_ENABLE_MODULES = YES;
				CLANG_ENABLE_OBJC_ARC = YES;
				CLANG_WARN_BOOL_CONVERSION = YES;
				CLANG_WARN_CONSTANT_CONVERSION = YES;
				CLANG_WARN_DIRECT_OBJC_ISA_USAGE = YES_ERROR;
				CLANG_WARN_DOCUMENTATION_COMMENTS = YES;
				CLANG_WARN_EMPTY_BODY = YES;
				CLANG_WARN_ENUM_CONVERSION = YES;
				CLANG_WARN_INFINITE_RECURSION = YES;
				CLANG_WARN_INT_CONVERSION = YES;
				CLANG_WARN_OBJC_ROOT_CLASS = YES_ERROR;
				CLANG_WARN_SUSPICIOUS_MOVES = YES;
				CLANG_WARN_UNREACHABLE_CODE = YES;
				CLANG_WARN__DUPLICATE_METHOD_MATCH = YES;
				"CODE_SIGN_IDENTITY[sdk=iphoneos*]" = "iPhone Developer";
				COPY_PHASE_STRIP = NO;
				DEBUG_INFORMATION_FORMAT = "dwarf-with-dsym";
				ENABLE_NS_ASSERTIONS = NO;
				ENABLE_STRICT_OBJC_MSGSEND = YES;
				GCC_C_LANGUAGE_STANDARD = gnu99;
				GCC_NO_COMMON_BLOCKS = YES;
				GCC_WARN_64_TO_32_BIT_CONVERSION = YES;
				GCC_WARN_ABOUT_RETURN_TYPE = YES_ERROR;
				GCC_WARN_UNDECLARED_SELECTOR = YES;
				GCC_WARN_UNINITIALIZED_AUTOS = YES_AGGRESSIVE;
				GCC_WARN_UNUSED_FUNCTION = YES;
				GCC_WARN_UNUSED_VARIABLE = YES;
				IPHONEOS_DEPLOYMENT_TARGET = 10.0;
				MTL_ENABLE_DEBUG_INFO = NO;
				SDKROOT = iphoneos;
				TARGETED_DEVICE_FAMILY = "1,2";
				VALIDATE_PRODUCT = YES;
			};
			name = Release;
		};
		2D6D1B59200E8E180020F57F /* Debug */ = {
			isa = XCBuildConfiguration;
			buildSettings = {
				ASSETCATALOG_COMPILER_APPICON_NAME = AppIcon;
				DEVELOPMENT_TEAM = N7H57V4Z6D;
				INFOPLIST_FILE = ToDo/Info.plist;
				LD_RUNPATH_SEARCH_PATHS = "$(inherited) @executable_path/Frameworks";
				PRODUCT_BUNDLE_IDENTIFIER = com.ToDo;
				PRODUCT_NAME = "$(TARGET_NAME)";
			};
			name = Debug;
		};
		2D6D1B5A200E8E180020F57F /* Release */ = {
			isa = XCBuildConfiguration;
			buildSettings = {
				ASSETCATALOG_COMPILER_APPICON_NAME = AppIcon;
				DEVELOPMENT_TEAM = N7H57V4Z6D;
				INFOPLIST_FILE = ToDo/Info.plist;
				LD_RUNPATH_SEARCH_PATHS = "$(inherited) @executable_path/Frameworks";
				PRODUCT_BUNDLE_IDENTIFIER = com.ToDo;
				PRODUCT_NAME = "$(TARGET_NAME)";
			};
			name = Release;
		};
		2D6D1B5C200E8E180020F57F /* Debug */ = {
			isa = XCBuildConfiguration;
			buildSettings = {
				BUNDLE_LOADER = "$(TEST_HOST)";
				DEVELOPMENT_TEAM = N7H57V4Z6D;
				INFOPLIST_FILE = ToDoTests/Info.plist;
				LD_RUNPATH_SEARCH_PATHS = "$(inherited) @executable_path/Frameworks @loader_path/Frameworks";
				PRODUCT_BUNDLE_IDENTIFIER = com.ToDoTests;
				PRODUCT_NAME = "$(TARGET_NAME)";
				TEST_HOST = "$(BUILT_PRODUCTS_DIR)/ToDo.app/ToDo";
			};
			name = Debug;
		};
		2D6D1B5D200E8E180020F57F /* Release */ = {
			isa = XCBuildConfiguration;
			buildSettings = {
				BUNDLE_LOADER = "$(TEST_HOST)";
				DEVELOPMENT_TEAM = N7H57V4Z6D;
				INFOPLIST_FILE = ToDoTests/Info.plist;
				LD_RUNPATH_SEARCH_PATHS = "$(inherited) @executable_path/Frameworks @loader_path/Frameworks";
				PRODUCT_BUNDLE_IDENTIFIER = com.ToDoTests;
				PRODUCT_NAME = "$(TARGET_NAME)";
				TEST_HOST = "$(BUILT_PRODUCTS_DIR)/ToDo.app/ToDo";
			};
			name = Release;
		};
/* End XCBuildConfiguration section */

/* Begin XCConfigurationList section */
		2D6D1B31200E8E180020F57F /* Build configuration list for PBXProject "ToDo" */ = {
			isa = XCConfigurationList;
			buildConfigurations = (
				2D6D1B56200E8E180020F57F /* Debug */,
				2D6D1B57200E8E180020F57F /* Release */,
			);
			defaultConfigurationIsVisible = 0;
			defaultConfigurationName = Release;
		};
		2D6D1B58200E8E180020F57F /* Build configuration list for PBXNativeTarget "ToDo" */ = {
			isa = XCConfigurationList;
			buildConfigurations = (
				2D6D1B59200E8E180020F57F /* Debug */,
				2D6D1B5A200E8E180020F57F /* Release */,
			);
			defaultConfigurationIsVisible = 0;
		};
		2D6D1B5B200E8E180020F57F /* Build configuration list for PBXNativeTarget "ToDoTests" */ = {
			isa = XCConfigurationList;
			buildConfigurations = (
				2D6D1B5C200E8E180020F57F /* Debug */,
				2D6D1B5D200E8E180020F57F /* Release */,
			);
			defaultConfigurationIsVisible = 0;
		};
/* End XCConfigurationList section */
	};
	rootObject = 2D6D1B2E200E8E180020F57F /* Project object */;
}
